
Microsoft Visual Studio Solution File, Format Version 12.00
# Visual Studio 2013
VisualStudioVersion = 12.0.40629.0
MinimumVisualStudioVersion = 10.0.40219.1
Project("{FAE04EC0-301F-11D3-BF4B-00C04F79EFBC}") = "TeduShop.Common", "TeduShop.Common\TeduShop.Common.csproj", "{A4BBF49B-4258-4257-9178-FF87C3C91A4E}"
EndProject
Project("{FAE04EC0-301F-11D3-BF4B-00C04F79EFBC}") = "TeduShop.Model", "TeduShop.Model\TeduShop.Model.csproj", "{262BA599-C5BF-4792-BE5D-29CB9873B593}"
EndProject
Project("{FAE04EC0-301F-11D3-BF4B-00C04F79EFBC}") = "TeduShop.Data", "TeduShop.Data\TeduShop.Data.csproj", "{64EE079D-629A-42AD-8028-82F817891FB9}"
EndProject
Project("{FAE04EC0-301F-11D3-BF4B-00C04F79EFBC}") = "TeduShop.Service", "TeduShop.Service\TeduShop.Service.csproj", "{62BA4F69-0AD5-4D93-A63B-70F89DC3B487}"
EndProject
Project("{FAE04EC0-301F-11D3-BF4B-00C04F79EFBC}") = "TeduShop.UnitTest", "TeduShop.UnitTest\TeduShop.UnitTest.csproj", "{0A4A66D1-CC6B-4F6A-844B-3A789A6F5A69}"
EndProject
Project("{FAE04EC0-301F-11D3-BF4B-00C04F79EFBC}") = "TeduShop.Web", "TeduShop.Web\TeduShop.Web.csproj", "{D7C2CDC9-A3BC-47EA-BB60-F4308AB7BB1B}"
EndProject
Global
	GlobalSection(SolutionConfigurationPlatforms) = preSolution
		Debug|Any CPU = Debug|Any CPU
		Release|Any CPU = Release|Any CPU
	EndGlobalSection
	GlobalSection(ProjectConfigurationPlatforms) = postSolution
		{A4BBF49B-4258-4257-9178-FF87C3C91A4E}.Debug|Any CPU.ActiveCfg = Debug|Any CPU
		{A4BBF49B-4258-4257-9178-FF87C3C91A4E}.Debug|Any CPU.Build.0 = Debug|Any CPU
		{A4BBF49B-4258-4257-9178-FF87C3C91A4E}.Release|Any CPU.ActiveCfg = Release|Any CPU
		{A4BBF49B-4258-4257-9178-FF87C3C91A4E}.Release|Any CPU.Build.0 = Release|Any CPU
		{262BA599-C5BF-4792-BE5D-29CB9873B593}.Debug|Any CPU.ActiveCfg = Debug|Any CPU
		{262BA599-C5BF-4792-BE5D-29CB9873B593}.Debug|Any CPU.Build.0 = Debug|Any CPU
		{262BA599-C5BF-4792-BE5D-29CB9873B593}.Release|Any CPU.ActiveCfg = Release|Any CPU
		{262BA599-C5BF-4792-BE5D-29CB9873B593}.Release|Any CPU.Build.0 = Release|Any CPU
		{64EE079D-629A-42AD-8028-82F817891FB9}.Debug|Any CPU.ActiveCfg = Debug|Any CPU
		{64EE079D-629A-42AD-8028-82F817891FB9}.Debug|Any CPU.Build.0 = Debug|Any CPU
		{64EE079D-629A-42AD-8028-82F817891FB9}.Release|Any CPU.ActiveCfg = Release|Any CPU
		{64EE079D-629A-42AD-8028-82F817891FB9}.Release|Any CPU.Build.0 = Release|Any CPU
		{62BA4F69-0AD5-4D93-A63B-70F89DC3B487}.Debug|Any CPU.ActiveCfg = Debug|Any CPU
		{62BA4F69-0AD5-4D93-A63B-70F89DC3B487}.Debug|Any CPU.Build.0 = Debug|Any CPU
		{62BA4F69-0AD5-4D93-A63B-70F89DC3B487}.Release|Any CPU.ActiveCfg = Release|Any CPU
		{62BA4F69-0AD5-4D93-A63B-70F89DC3B487}.Release|Any CPU.Build.0 = Release|Any CPU
		{0A4A66D1-CC6B-4F6A-844B-3A789A6F5A69}.Debug|Any CPU.ActiveCfg = Debug|Any CPU
		{0A4A66D1-CC6B-4F6A-844B-3A789A6F5A69}.Debug|Any CPU.Build.0 = Debug|Any CPU
		{0A4A66D1-CC6B-4F6A-844B-3A789A6F5A69}.Release|Any CPU.ActiveCfg = Release|Any CPU
		{0A4A66D1-CC6B-4F6A-844B-3A789A6F5A69}.Release|Any CPU.Build.0 = Release|Any CPU
		{D7C2CDC9-A3BC-47EA-BB60-F4308AB7BB1B}.Debug|Any CPU.ActiveCfg = Debug|Any CPU
		{D7C2CDC9-A3BC-47EA-BB60-F4308AB7BB1B}.Debug|Any CPU.Build.0 = Debug|Any CPU
		{D7C2CDC9-A3BC-47EA-BB60-F4308AB7BB1B}.Release|Any CPU.ActiveCfg = Release|Any CPU
		{D7C2CDC9-A3BC-47EA-BB60-F4308AB7BB1B}.Release|Any CPU.Build.0 = Release|Any CPU
	EndGlobalSection
	GlobalSection(SolutionProperties) = preSolution
		HideSolutionNode = FALSE
	EndGlobalSection
EndGlobal
